
Microsoft Visual Studio Solution File, Format Version 12.00
# Visual Studio Version 16
VisualStudioVersion = 16.0.30204.135
MinimumVisualStudioVersion = 10.0.40219.1
Project("{FAE04EC0-301F-11D3-BF4B-00C04F79EFBC}") = "HubHelper", "HubHelper.csproj", "{AB9FA7D6-2023-4564-9410-FE1D580CCD13}"
EndProject
Global
	GlobalSection(SolutionConfigurationPlatforms) = preSolution
		Debug|Any CPU = Debug|Any CPU
		Release|Any CPU = Release|Any CPU
	EndGlobalSection
	GlobalSection(ProjectConfigurationPlatforms) = postSolution
		{AB9FA7D6-2023-4564-9410-FE1D580CCD13}.Debug|Any CPU.ActiveCfg = Debug|Any CPU
		{AB9FA7D6-2023-4564-9410-FE1D580CCD13}.Debug|Any CPU.Build.0 = Debug|Any CPU
		{AB9FA7D6-2023-4564-9410-FE1D580CCD13}.Release|Any CPU.ActiveCfg = Release|Any CPU
		{AB9FA7D6-2023-4564-9410-FE1D580CCD13}.Release|Any CPU.Build.0 = Release|Any CPU
	EndGlobalSection
	GlobalSection(SolutionProperties) = preSolution
		HideSolutionNode = FALSE
	EndGlobalSection
	GlobalSection(ExtensibilityGlobals) = postSolution
		SolutionGuid = {A5E2A575-3296-42A5-AE4C-E3E8CFA0C14A}
	EndGlobalSection
EndGlobal
